
Microsoft Visual Studio Solution File, Format Version 12.00
# Visual Studio Version 16
VisualStudioVersion = 16.0.31515.178
MinimumVisualStudioVersion = 10.0.40219.1
Project("{8BC9CEB8-8B4A-11D0-8D11-00A0C91BC942}") = "internal_memory_library", "internal_memory_library\internal_memory_library.vcxproj", "{D934BBE6-4B61-413E-948C-AAF6E6359ED1}"
EndProject
Global
	GlobalSection(SolutionConfigurationPlatforms) = preSolution
		Debug|x64 = Debug|x64
		Debug|x86 = Debug|x86
		Release|x64 = Release|x64
		Release|x86 = Release|x86
	EndGlobalSection
	GlobalSection(ProjectConfigurationPlatforms) = postSolution
		{D934BBE6-4B61-413E-948C-AAF6E6359ED1}.Debug|x64.ActiveCfg = Debug|x64
		{D934BBE6-4B61-413E-948C-AAF6E6359ED1}.Debug|x64.Build.0 = Debug|x64
		{D934BBE6-4B61-413E-948C-AAF6E6359ED1}.Debug|x86.ActiveCfg = Debug|Win32
		{D934BBE6-4B61-413E-948C-AAF6E6359ED1}.Debug|x86.Build.0 = Debug|Win32
		{D934BBE6-4B61-413E-948C-AAF6E6359ED1}.Release|x64.ActiveCfg = Release|x64
		{D934BBE6-4B61-413E-948C-AAF6E6359ED1}.Release|x64.Build.0 = Release|x64
		{D934BBE6-4B61-413E-948C-AAF6E6359ED1}.Release|x86.ActiveCfg = Release|Win32
		{D934BBE6-4B61-413E-948C-AAF6E6359ED1}.Release|x86.Build.0 = Release|Win32
	EndGlobalSection
	GlobalSection(SolutionProperties) = preSolution
		HideSolutionNode = FALSE
	EndGlobalSection
	GlobalSection(ExtensibilityGlobals) = postSolution
		SolutionGuid = {1567C512-8DC9-4ED8-84F7-470F79AE9A85}
	EndGlobalSection
EndGlobal
